// !$*UTF8*$!
{
	archiveVersion = 1;
	classes = {
	};
	objectVersion = 56;
	objects = {

/* Begin PBXBuildFile section */
		613F9B282C891563009A0EAB /* AppDelegate.swift in Sources */ = {isa = PBXBuildFile; fileRef = 613F9B272C891563009A0EAB /* AppDelegate.swift */; };
		613F9B2A2C891563009A0EAB /* SceneDelegate.swift in Sources */ = {isa = PBXBuildFile; fileRef = 613F9B292C891563009A0EAB /* SceneDelegate.swift */; };
		613F9B312C891565009A0EAB /* Assets.xcassets in Resources */ = {isa = PBXBuildFile; fileRef = 613F9B302C891565009A0EAB /* Assets.xcassets */; };
		613F9B342C891565009A0EAB /* Base in Resources */ = {isa = PBXBuildFile; fileRef = 613F9B332C891565009A0EAB /* Base */; };
		613F9B3C2C891EC0009A0EAB /* SearchVC.swift in Sources */ = {isa = PBXBuildFile; fileRef = 613F9B3B2C891EC0009A0EAB /* SearchVC.swift */; };
		613F9B3E2C891EFA009A0EAB /* FavoritesListVC.swift in Sources */ = {isa = PBXBuildFile; fileRef = 613F9B3D2C891EFA009A0EAB /* FavoritesListVC.swift */; };
		613F9B402C892564009A0EAB /* GFButton.swift in Sources */ = {isa = PBXBuildFile; fileRef = 613F9B3F2C892564009A0EAB /* GFButton.swift */; };
		613F9B422C8928AB009A0EAB /* GFTextField.swift in Sources */ = {isa = PBXBuildFile; fileRef = 613F9B412C8928AB009A0EAB /* GFTextField.swift */; };
		613F9B442C8936D0009A0EAB /* FollowersListVC.swift in Sources */ = {isa = PBXBuildFile; fileRef = 613F9B432C8936D0009A0EAB /* FollowersListVC.swift */; };
		61F0F8AC2C8A099500737E59 /* GFTitleLabel.swift in Sources */ = {isa = PBXBuildFile; fileRef = 61F0F8AB2C8A099500737E59 /* GFTitleLabel.swift */; };
		61F0F8AE2C8A0B3D00737E59 /* GFBodyLabel.swift in Sources */ = {isa = PBXBuildFile; fileRef = 61F0F8AD2C8A0B3D00737E59 /* GFBodyLabel.swift */; };
		61F0F8B02C8A113800737E59 /* GFAlertVC.swift in Sources */ = {isa = PBXBuildFile; fileRef = 61F0F8AF2C8A113800737E59 /* GFAlertVC.swift */; };
		61F0F8B22C8A189800737E59 /* UIViewController.swift in Sources */ = {isa = PBXBuildFile; fileRef = 61F0F8B12C8A189800737E59 /* UIViewController.swift */; };
		61F0F8BA2C8A630500737E59 /* Follower.swift in Sources */ = {isa = PBXBuildFile; fileRef = 61F0F8B92C8A630500737E59 /* Follower.swift */; };
		61F0F8BC2C8A63C900737E59 /* User.swift in Sources */ = {isa = PBXBuildFile; fileRef = 61F0F8BB2C8A63C900737E59 /* User.swift */; };
		61F0F8BF2C8A6A2A00737E59 /* NetworkManager.swift in Sources */ = {isa = PBXBuildFile; fileRef = 61F0F8BE2C8A6A2A00737E59 /* NetworkManager.swift */; };
		61F0F8C22C8A7F9800737E59 /* ErrorMessage.swift in Sources */ = {isa = PBXBuildFile; fileRef = 61F0F8C12C8A7F9800737E59 /* ErrorMessage.swift */; };
/* End PBXBuildFile section */

/* Begin PBXFileReference section */
		613F9B242C891563009A0EAB /* GitHubFollowers.app */ = {isa = PBXFileReference; explicitFileType = wrapper.application; includeInIndex = 0; path = GitHubFollowers.app; sourceTree = BUILT_PRODUCTS_DIR; };
		613F9B272C891563009A0EAB /* AppDelegate.swift */ = {isa = PBXFileReference; lastKnownFileType = sourcecode.swift; path = AppDelegate.swift; sourceTree = "<group>"; };
		613F9B292C891563009A0EAB /* SceneDelegate.swift */ = {isa = PBXFileReference; lastKnownFileType = sourcecode.swift; path = SceneDelegate.swift; sourceTree = "<group>"; };
		613F9B302C891565009A0EAB /* Assets.xcassets */ = {isa = PBXFileReference; lastKnownFileType = folder.assetcatalog; path = Assets.xcassets; sourceTree = "<group>"; };
		613F9B332C891565009A0EAB /* Base */ = {isa = PBXFileReference; lastKnownFileType = file.storyboard; name = Base; path = Base.lproj/LaunchScreen.storyboard; sourceTree = "<group>"; };
		613F9B352C891565009A0EAB /* Info.plist */ = {isa = PBXFileReference; lastKnownFileType = text.plist.xml; path = Info.plist; sourceTree = "<group>"; };
		613F9B3B2C891EC0009A0EAB /* SearchVC.swift */ = {isa = PBXFileReference; lastKnownFileType = sourcecode.swift; path = SearchVC.swift; sourceTree = "<group>"; };
		613F9B3D2C891EFA009A0EAB /* FavoritesListVC.swift */ = {isa = PBXFileReference; lastKnownFileType = sourcecode.swift; path = FavoritesListVC.swift; sourceTree = "<group>"; };
		613F9B3F2C892564009A0EAB /* GFButton.swift */ = {isa = PBXFileReference; lastKnownFileType = sourcecode.swift; path = GFButton.swift; sourceTree = "<group>"; };
		613F9B412C8928AB009A0EAB /* GFTextField.swift */ = {isa = PBXFileReference; lastKnownFileType = sourcecode.swift; path = GFTextField.swift; sourceTree = "<group>"; };
		613F9B432C8936D0009A0EAB /* FollowersListVC.swift */ = {isa = PBXFileReference; lastKnownFileType = sourcecode.swift; path = FollowersListVC.swift; sourceTree = "<group>"; };
		61F0F8AB2C8A099500737E59 /* GFTitleLabel.swift */ = {isa = PBXFileReference; lastKnownFileType = sourcecode.swift; path = GFTitleLabel.swift; sourceTree = "<group>"; };
		61F0F8AD2C8A0B3D00737E59 /* GFBodyLabel.swift */ = {isa = PBXFileReference; lastKnownFileType = sourcecode.swift; path = GFBodyLabel.swift; sourceTree = "<group>"; };
		61F0F8AF2C8A113800737E59 /* GFAlertVC.swift */ = {isa = PBXFileReference; lastKnownFileType = sourcecode.swift; path = GFAlertVC.swift; sourceTree = "<group>"; };
		61F0F8B12C8A189800737E59 /* UIViewController.swift */ = {isa = PBXFileReference; lastKnownFileType = sourcecode.swift; path = UIViewController.swift; sourceTree = "<group>"; };
		61F0F8B92C8A630500737E59 /* Follower.swift */ = {isa = PBXFileReference; lastKnownFileType = sourcecode.swift; path = Follower.swift; sourceTree = "<group>"; };
		61F0F8BB2C8A63C900737E59 /* User.swift */ = {isa = PBXFileReference; lastKnownFileType = sourcecode.swift; path = User.swift; sourceTree = "<group>"; };
		61F0F8BE2C8A6A2A00737E59 /* NetworkManager.swift */ = {isa = PBXFileReference; lastKnownFileType = sourcecode.swift; path = NetworkManager.swift; sourceTree = "<group>"; };
		61F0F8C12C8A7F9800737E59 /* ErrorMessage.swift */ = {isa = PBXFileReference; lastKnownFileType = sourcecode.swift; path = ErrorMessage.swift; sourceTree = "<group>"; };
/* End PBXFileReference section */

/* Begin PBXFrameworksBuildPhase section */
		613F9B212C891563009A0EAB /* Frameworks */ = {
			isa = PBXFrameworksBuildPhase;
			buildActionMask = 2147483647;
			files = (
			);
			runOnlyForDeploymentPostprocessing = 0;
		};
/* End PBXFrameworksBuildPhase section */

/* Begin PBXGroup section */
		613F9B1B2C891563009A0EAB = {
			isa = PBXGroup;
			children = (
				613F9B262C891563009A0EAB /* GitHubFollowers */,
				613F9B252C891563009A0EAB /* Products */,
			);
			sourceTree = "<group>";
		};
		613F9B252C891563009A0EAB /* Products */ = {
			isa = PBXGroup;
			children = (
				613F9B242C891563009A0EAB /* GitHubFollowers.app */,
			);
			name = Products;
			sourceTree = "<group>";
		};
		613F9B262C891563009A0EAB /* GitHubFollowers */ = {
			isa = PBXGroup;
			children = (
				61F0F8C02C8A7F8200737E59 /* Utilities */,
				61F0F8BD2C8A6A0B00737E59 /* Managers */,
				61F0F8B82C8A62EE00737E59 /* Model */,
				61F0F8B62C8A381D00737E59 /* Extensions */,
				61F0F8B52C8A36EF00737E59 /* Custom Views */,
				61F0F8B32C8A368E00737E59 /* Screens */,
				61F0F8B72C8A388400737E59 /* Support */,
				613F9B352C891565009A0EAB /* Info.plist */,
			);
			path = GitHubFollowers;
			sourceTree = "<group>";
		};
		61F0F8B32C8A368E00737E59 /* Screens */ = {
			isa = PBXGroup;
			children = (
				613F9B3B2C891EC0009A0EAB /* SearchVC.swift */,
				613F9B432C8936D0009A0EAB /* FollowersListVC.swift */,
				613F9B3D2C891EFA009A0EAB /* FavoritesListVC.swift */,
			);
			path = Screens;
			sourceTree = "<group>";
		};
		61F0F8B52C8A36EF00737E59 /* Custom Views */ = {
			isa = PBXGroup;
			children = (
				61F0F8AF2C8A113800737E59 /* GFAlertVC.swift */,
				613F9B3F2C892564009A0EAB /* GFButton.swift */,
				613F9B412C8928AB009A0EAB /* GFTextField.swift */,
				61F0F8AB2C8A099500737E59 /* GFTitleLabel.swift */,
				61F0F8AD2C8A0B3D00737E59 /* GFBodyLabel.swift */,
			);
			path = "Custom Views";
			sourceTree = "<group>";
		};
		61F0F8B62C8A381D00737E59 /* Extensions */ = {
			isa = PBXGroup;
			children = (
				61F0F8B12C8A189800737E59 /* UIViewController.swift */,
			);
			path = Extensions;
			sourceTree = "<group>";
		};
		61F0F8B72C8A388400737E59 /* Support */ = {
			isa = PBXGroup;
			children = (
				613F9B272C891563009A0EAB /* AppDelegate.swift */,
				613F9B292C891563009A0EAB /* SceneDelegate.swift */,
				613F9B302C891565009A0EAB /* Assets.xcassets */,
				613F9B322C891565009A0EAB /* LaunchScreen.storyboard */,
			);
			path = Support;
			sourceTree = "<group>";
		};
		61F0F8B82C8A62EE00737E59 /* Model */ = {
			isa = PBXGroup;
			children = (
				61F0F8B92C8A630500737E59 /* Follower.swift */,
				61F0F8BB2C8A63C900737E59 /* User.swift */,
			);
			path = Model;
			sourceTree = "<group>";
		};
		61F0F8BD2C8A6A0B00737E59 /* Managers */ = {
			isa = PBXGroup;
			children = (
				61F0F8BE2C8A6A2A00737E59 /* NetworkManager.swift */,
			);
			path = Managers;
			sourceTree = "<group>";
		};
		61F0F8C02C8A7F8200737E59 /* Utilities */ = {
			isa = PBXGroup;
			children = (
				61F0F8C12C8A7F9800737E59 /* ErrorMessage.swift */,
			);
			path = Utilities;
			sourceTree = "<group>";
		};
/* End PBXGroup section */

/* Begin PBXNativeTarget section */
		613F9B232C891563009A0EAB /* GitHubFollowers */ = {
			isa = PBXNativeTarget;
			buildConfigurationList = 613F9B382C891565009A0EAB /* Build configuration list for PBXNativeTarget "GitHubFollowers" */;
			buildPhases = (
				613F9B202C891563009A0EAB /* Sources */,
				613F9B212C891563009A0EAB /* Frameworks */,
				613F9B222C891563009A0EAB /* Resources */,
			);
			buildRules = (
			);
			dependencies = (
			);
			name = GitHubFollowers;
			productName = GitHubFollowers;
			productReference = 613F9B242C891563009A0EAB /* GitHubFollowers.app */;
			productType = "com.apple.product-type.application";
		};
/* End PBXNativeTarget section */

/* Begin PBXProject section */
		613F9B1C2C891563009A0EAB /* Project object */ = {
			isa = PBXProject;
			attributes = {
				BuildIndependentTargetsInParallel = 1;
				LastSwiftUpdateCheck = 1540;
				LastUpgradeCheck = 1540;
				TargetAttributes = {
					613F9B232C891563009A0EAB = {
						CreatedOnToolsVersion = 15.4;
					};
				};
			};
			buildConfigurationList = 613F9B1F2C891563009A0EAB /* Build configuration list for PBXProject "GitHubFollowers" */;
			compatibilityVersion = "Xcode 14.0";
			developmentRegion = en;
			hasScannedForEncodings = 0;
			knownRegions = (
				en,
				Base,
			);
			mainGroup = 613F9B1B2C891563009A0EAB;
			productRefGroup = 613F9B252C891563009A0EAB /* Products */;
			projectDirPath = "";
			projectRoot = "";
			targets = (
				613F9B232C891563009A0EAB /* GitHubFollowers */,
			);
		};
/* End PBXProject section */

/* Begin PBXResourcesBuildPhase section */
		613F9B222C891563009A0EAB /* Resources */ = {
			isa = PBXResourcesBuildPhase;
			buildActionMask = 2147483647;
			files = (
				613F9B312C891565009A0EAB /* Assets.xcassets in Resources */,
				613F9B342C891565009A0EAB /* Base in Resources */,
			);
			runOnlyForDeploymentPostprocessing = 0;
		};
/* End PBXResourcesBuildPhase section */

/* Begin PBXSourcesBuildPhase section */
		613F9B202C891563009A0EAB /* Sources */ = {
			isa = PBXSourcesBuildPhase;
			buildActionMask = 2147483647;
			files = (
				61F0F8BC2C8A63C900737E59 /* User.swift in Sources */,
				613F9B422C8928AB009A0EAB /* GFTextField.swift in Sources */,
				613F9B442C8936D0009A0EAB /* FollowersListVC.swift in Sources */,
				613F9B3E2C891EFA009A0EAB /* FavoritesListVC.swift in Sources */,
				61F0F8B22C8A189800737E59 /* UIViewController.swift in Sources */,
				613F9B402C892564009A0EAB /* GFButton.swift in Sources */,
				61F0F8B02C8A113800737E59 /* GFAlertVC.swift in Sources */,
				61F0F8C22C8A7F9800737E59 /* ErrorMessage.swift in Sources */,
				61F0F8AE2C8A0B3D00737E59 /* GFBodyLabel.swift in Sources */,
				61F0F8BA2C8A630500737E59 /* Follower.swift in Sources */,
				61F0F8AC2C8A099500737E59 /* GFTitleLabel.swift in Sources */,
				61F0F8BF2C8A6A2A00737E59 /* NetworkManager.swift in Sources */,
				613F9B3C2C891EC0009A0EAB /* SearchVC.swift in Sources */,
				613F9B282C891563009A0EAB /* AppDelegate.swift in Sources */,
				613F9B2A2C891563009A0EAB /* SceneDelegate.swift in Sources */,
			);
			runOnlyForDeploymentPostprocessing = 0;
		};
/* End PBXSourcesBuildPhase section */

/* Begin PBXVariantGroup section */
		613F9B322C891565009A0EAB /* LaunchScreen.storyboard */ = {
			isa = PBXVariantGroup;
			children = (
				613F9B332C891565009A0EAB /* Base */,
			);
			name = LaunchScreen.storyboard;
			sourceTree = "<group>";
		};
/* End PBXVariantGroup section */

/* Begin XCBuildConfiguration section */
		613F9B362C891565009A0EAB /* Debug */ = {
			isa = XCBuildConfiguration;
			buildSettings = {
				ALWAYS_SEARCH_USER_PATHS = NO;
				ASSETCATALOG_COMPILER_GENERATE_SWIFT_ASSET_SYMBOL_EXTENSIONS = YES;
				CLANG_ANALYZER_NONNULL = YES;
				CLANG_ANALYZER_NUMBER_OBJECT_CONVERSION = YES_AGGRESSIVE;
				CLANG_CXX_LANGUAGE_STANDARD = "gnu++20";
				CLANG_ENABLE_MODULES = YES;
				CLANG_ENABLE_OBJC_ARC = YES;
				CLANG_ENABLE_OBJC_WEAK = YES;
				CLANG_WARN_BLOCK_CAPTURE_AUTORELEASING = YES;
				CLANG_WARN_BOOL_CONVERSION = YES;
				CLANG_WARN_COMMA = YES;
				CLANG_WARN_CONSTANT_CONVERSION = YES;
				CLANG_WARN_DEPRECATED_OBJC_IMPLEMENTATIONS = YES;
				CLANG_WARN_DIRECT_OBJC_ISA_USAGE = YES_ERROR;
				CLANG_WARN_DOCUMENTATION_COMMENTS = YES;
				CLANG_WARN_EMPTY_BODY = YES;
				CLANG_WARN_ENUM_CONVERSION = YES;
				CLANG_WARN_INFINITE_RECURSION = YES;
				CLANG_WARN_INT_CONVERSION = YES;
				CLANG_WARN_NON_LITERAL_NULL_CONVERSION = YES;
				CLANG_WARN_OBJC_IMPLICIT_RETAIN_SELF = YES;
				CLANG_WARN_OBJC_LITERAL_CONVERSION = YES;
				CLANG_WARN_OBJC_ROOT_CLASS = YES_ERROR;
				CLANG_WARN_QUOTED_INCLUDE_IN_FRAMEWORK_HEADER = YES;
				CLANG_WARN_RANGE_LOOP_ANALYSIS = YES;
				CLANG_WARN_STRICT_PROTOTYPES = YES;
				CLANG_WARN_SUSPICIOUS_MOVE = YES;
				CLANG_WARN_UNGUARDED_AVAILABILITY = YES_AGGRESSIVE;
				CLANG_WARN_UNREACHABLE_CODE = YES;
				CLANG_WARN__DUPLICATE_METHOD_MATCH = YES;
				COPY_PHASE_STRIP = NO;
				DEBUG_INFORMATION_FORMAT = dwarf;
				ENABLE_STRICT_OBJC_MSGSEND = YES;
				ENABLE_TESTABILITY = YES;
				ENABLE_USER_SCRIPT_SANDBOXING = YES;
				GCC_C_LANGUAGE_STANDARD = gnu17;
				GCC_DYNAMIC_NO_PIC = NO;
				GCC_NO_COMMON_BLOCKS = YES;
				GCC_OPTIMIZATION_LEVEL = 0;
				GCC_PREPROCESSOR_DEFINITIONS = (
					"DEBUG=1",
					"$(inherited)",
				);
				GCC_WARN_64_TO_32_BIT_CONVERSION = YES;
				GCC_WARN_ABOUT_RETURN_TYPE = YES_ERROR;
				GCC_WARN_UNDECLARED_SELECTOR = YES;
				GCC_WARN_UNINITIALIZED_AUTOS = YES_AGGRESSIVE;
				GCC_WARN_UNUSED_FUNCTION = YES;
				GCC_WARN_UNUSED_VARIABLE = YES;
				IPHONEOS_DEPLOYMENT_TARGET = 17.5;
				LOCALIZATION_PREFERS_STRING_CATALOGS = YES;
				MTL_ENABLE_DEBUG_INFO = INCLUDE_SOURCE;
				MTL_FAST_MATH = YES;
				ONLY_ACTIVE_ARCH = YES;
				SDKROOT = iphoneos;
				SWIFT_ACTIVE_COMPILATION_CONDITIONS = "DEBUG $(inherited)";
				SWIFT_OPTIMIZATION_LEVEL = "-Onone";
			};
			name = Debug;
		};
		613F9B372C891565009A0EAB /* Release */ = {
			isa = XCBuildConfiguration;
			buildSettings = {
				ALWAYS_SEARCH_USER_PATHS = NO;
				ASSETCATALOG_COMPILER_GENERATE_SWIFT_ASSET_SYMBOL_EXTENSIONS = YES;
				CLANG_ANALYZER_NONNULL = YES;
				CLANG_ANALYZER_NUMBER_OBJECT_CONVERSION = YES_AGGRESSIVE;
				CLANG_CXX_LANGUAGE_STANDARD = "gnu++20";
				CLANG_ENABLE_MODULES = YES;
				CLANG_ENABLE_OBJC_ARC = YES;
				CLANG_ENABLE_OBJC_WEAK = YES;
				CLANG_WARN_BLOCK_CAPTURE_AUTORELEASING = YES;
				CLANG_WARN_BOOL_CONVERSION = YES;
				CLANG_WARN_COMMA = YES;
				CLANG_WARN_CONSTANT_CONVERSION = YES;
				CLANG_WARN_DEPRECATED_OBJC_IMPLEMENTATIONS = YES;
				CLANG_WARN_DIRECT_OBJC_ISA_USAGE = YES_ERROR;
				CLANG_WARN_DOCUMENTATION_COMMENTS = YES;
				CLANG_WARN_EMPTY_BODY = YES;
				CLANG_WARN_ENUM_CONVERSION = YES;
				CLANG_WARN_INFINITE_RECURSION = YES;
				CLANG_WARN_INT_CONVERSION = YES;
				CLANG_WARN_NON_LITERAL_NULL_CONVERSION = YES;
				CLANG_WARN_OBJC_IMPLICIT_RETAIN_SELF = YES;
				CLANG_WARN_OBJC_LITERAL_CONVERSION = YES;
				CLANG_WARN_OBJC_ROOT_CLASS = YES_ERROR;
				CLANG_WARN_QUOTED_INCLUDE_IN_FRAMEWORK_HEADER = YES;
				CLANG_WARN_RANGE_LOOP_ANALYSIS = YES;
				CLANG_WARN_STRICT_PROTOTYPES = YES;
				CLANG_WARN_SUSPICIOUS_MOVE = YES;
				CLANG_WARN_UNGUARDED_AVAILABILITY = YES_AGGRESSIVE;
				CLANG_WARN_UNREACHABLE_CODE = YES;
				CLANG_WARN__DUPLICATE_METHOD_MATCH = YES;
				COPY_PHASE_STRIP = NO;
				DEBUG_INFORMATION_FORMAT = "dwarf-with-dsym";
				ENABLE_NS_ASSERTIONS = NO;
				ENABLE_STRICT_OBJC_MSGSEND = YES;
				ENABLE_USER_SCRIPT_SANDBOXING = YES;
				GCC_C_LANGUAGE_STANDARD = gnu17;
				GCC_NO_COMMON_BLOCKS = YES;
				GCC_WARN_64_TO_32_BIT_CONVERSION = YES;
				GCC_WARN_ABOUT_RETURN_TYPE = YES_ERROR;
				GCC_WARN_UNDECLARED_SELECTOR = YES;
				GCC_WARN_UNINITIALIZED_AUTOS = YES_AGGRESSIVE;
				GCC_WARN_UNUSED_FUNCTION = YES;
				GCC_WARN_UNUSED_VARIABLE = YES;
				IPHONEOS_DEPLOYMENT_TARGET = 17.5;
				LOCALIZATION_PREFERS_STRING_CATALOGS = YES;
				MTL_ENABLE_DEBUG_INFO = NO;
				MTL_FAST_MATH = YES;
				SDKROOT = iphoneos;
				SWIFT_COMPILATION_MODE = wholemodule;
				VALIDATE_PRODUCT = YES;
			};
			name = Release;
		};
		613F9B392C891565009A0EAB /* Debug */ = {
			isa = XCBuildConfiguration;
			buildSettings = {
				ASSETCATALOG_COMPILER_APPICON_NAME = AppIcon;
				ASSETCATALOG_COMPILER_GLOBAL_ACCENT_COLOR_NAME = AccentColor;
				CODE_SIGN_STYLE = Automatic;
				CURRENT_PROJECT_VERSION = 1;
				DEVELOPMENT_TEAM = 4FXJ5W7FM5;
				GENERATE_INFOPLIST_FILE = YES;
				INFOPLIST_FILE = GitHubFollowers/Info.plist;
				INFOPLIST_KEY_UIApplicationSupportsIndirectInputEvents = YES;
				INFOPLIST_KEY_UILaunchStoryboardName = LaunchScreen;
				INFOPLIST_KEY_UIStatusBarStyle = "";
				INFOPLIST_KEY_UISupportedInterfaceOrientations = UIInterfaceOrientationPortrait;
				INFOPLIST_KEY_UISupportedInterfaceOrientations_iPad = "UIInterfaceOrientationLandscapeLeft UIInterfaceOrientationLandscapeRight UIInterfaceOrientationPortrait UIInterfaceOrientationPortraitUpsideDown";
				LD_RUNPATH_SEARCH_PATHS = (
					"$(inherited)",
					"@executable_path/Frameworks",
				);
				MARKETING_VERSION = 1.0;
				PRODUCT_BUNDLE_IDENTIFIER = iManzi.com.GitHubFollowers;
				PRODUCT_NAME = "$(TARGET_NAME)";
				SUPPORTED_PLATFORMS = "iphoneos iphonesimulator";
				SUPPORTS_MACCATALYST = NO;
				SUPPORTS_MAC_DESIGNED_FOR_IPHONE_IPAD = NO;
				SUPPORTS_XR_DESIGNED_FOR_IPHONE_IPAD = NO;
				SWIFT_EMIT_LOC_STRINGS = YES;
				SWIFT_VERSION = 5.0;
				TARGETED_DEVICE_FAMILY = 1;
			};
			name = Debug;
		};
		613F9B3A2C891565009A0EAB /* Release */ = {
			isa = XCBuildConfiguration;
			buildSettings = {
				ASSETCATALOG_COMPILER_APPICON_NAME = AppIcon;
				ASSETCATALOG_COMPILER_GLOBAL_ACCENT_COLOR_NAME = AccentColor;
				CODE_SIGN_STYLE = Automatic;
				CURRENT_PROJECT_VERSION = 1;
				DEVELOPMENT_TEAM = 4FXJ5W7FM5;
				GENERATE_INFOPLIST_FILE = YES;
				INFOPLIST_FILE = GitHubFollowers/Info.plist;
				INFOPLIST_KEY_UIApplicationSupportsIndirectInputEvents = YES;
				INFOPLIST_KEY_UILaunchStoryboardName = LaunchScreen;
				INFOPLIST_KEY_UIStatusBarStyle = "";
				INFOPLIST_KEY_UISupportedInterfaceOrientations = UIInterfaceOrientationPortrait;
				INFOPLIST_KEY_UISupportedInterfaceOrientations_iPad = "UIInterfaceOrientationLandscapeLeft UIInterfaceOrientationLandscapeRight UIInterfaceOrientationPortrait UIInterfaceOrientationPortraitUpsideDown";
				LD_RUNPATH_SEARCH_PATHS = (
					"$(inherited)",
					"@executable_path/Frameworks",
				);
				MARKETING_VERSION = 1.0;
				PRODUCT_BUNDLE_IDENTIFIER = iManzi.com.GitHubFollowers;
				PRODUCT_NAME = "$(TARGET_NAME)";
				SUPPORTED_PLATFORMS = "iphoneos iphonesimulator";
				SUPPORTS_MACCATALYST = NO;
				SUPPORTS_MAC_DESIGNED_FOR_IPHONE_IPAD = NO;
				SUPPORTS_XR_DESIGNED_FOR_IPHONE_IPAD = NO;
				SWIFT_EMIT_LOC_STRINGS = YES;
				SWIFT_VERSION = 5.0;
				TARGETED_DEVICE_FAMILY = 1;
			};
			name = Release;
		};
/* End XCBuildConfiguration section */

/* Begin XCConfigurationList section */
		613F9B1F2C891563009A0EAB /* Build configuration list for PBXProject "GitHubFollowers" */ = {
			isa = XCConfigurationList;
			buildConfigurations = (
				613F9B362C891565009A0EAB /* Debug */,
				613F9B372C891565009A0EAB /* Release */,
			);
			defaultConfigurationIsVisible = 0;
			defaultConfigurationName = Release;
		};
		613F9B382C891565009A0EAB /* Build configuration list for PBXNativeTarget "GitHubFollowers" */ = {
			isa = XCConfigurationList;
			buildConfigurations = (
				613F9B392C891565009A0EAB /* Debug */,
				613F9B3A2C891565009A0EAB /* Release */,
			);
			defaultConfigurationIsVisible = 0;
			defaultConfigurationName = Release;
		};
/* End XCConfigurationList section */
	};
	rootObject = 613F9B1C2C891563009A0EAB /* Project object */;
}
